lockfileVersion: '6.0'

settings:
  autoInstallPeers: true
  excludeLinksFromLockfile: false

specifiers:
  axios: ^1.7.2
  express: ^4.19.2
  lodash: ^4.17.21
  react: ^18.3.1
  react-dom: ^18.3.1

dependencies:
  axios: 1.7.2
  express: 4.19.2
  lodash: 4.17.21
  react: 18.3.1_@types+react@18.3.3
  react-dom: 18.3.1_react@18.3.1

packages:

  /@types/prop-types@15.7.12:
    resolution: {integrity: sha512-5zvhFVsfeBpcRI079rSDGmmzv0N94+sBGaS8LRyBCNOQ3iA4mff8C9yrJegeFLqMRqKNpInM25lSSK9iidxpLw==}
    dev: false

  /@types/react@18.3.3:
    resolution: {integrity: sha512-hti/R0pS0q1/xx+TsI73S6S4KcvTflEenNtP3LcpE7csP3E2nnAXt32yQ/52M3KBCfB/35k920sBfV3+Pth2pg==}
    dependencies:
      '@types/prop-types': 15.7.12
      csstype: 3.1.3
    dev: false

  /accepts@1.3.8:
    resolution: {integrity: sha512-PYAthTa2m2VKxuvSD3DPC/Gy+U+sOA1LAuT8mkmRuvw+NACSaeXEQ+NHcVF7rONl6soaxNKguGuW9ss3gvr/NG==}
    dependencies:
      mime-types: 2.1.35
      negotiator: 0.6.3
    engines: {node: '>= 0.6'}
    dev: false

  /array-flatten@1.1.1:
    resolution: {integrity: sha512-PCVAQswWemu6UdxsDFFX/+gVeYqKAod3D3AbeZMH-PefYhLp8sH1mktnwxMDudlqBOHISHD6AyGkLHUynFlW2g==}
    dev: false

  /asynckit@0.4.0:
    resolution: {integrity: sha512-Oei9OH4tRh0YqU3Gxh5BWb/zDGANTrphsigmaEZ/qLVTjqVbiiRI5WROb3HjaAjkgtfevpeImLsgZxweQR3RI+Q==}
    dev: false

  /axios@1.7.2:
    resolution: {integrity: sha512-OaBcsEMpreLV/ifeBUnXAabQgSOW0L4uS/j2f2CT+tIeaJjMRoYg4Dva0F0M2ggoQ2piS+Asrs0wBf4v00/tBQ==}
    dependencies:
      follow-redirects: 1.15.6
      form-data: 4.0.0
      proxy-from-env: 1.1.0
    dev: false

  /body-parser@1.20.2:
    resolution: {integrity: sha512-ml9pReCu3M61kGlqoTm2umSXTlRTuGTx0bfYj+uIUKKYycG0FxioKiMLgLMoEOWiUeNEsIwADmaQVnuQeLKzOQ==}
    dependencies:
      bytes: 3.1.2
      content-type: 1.0.5
      debug: 2.6.9
      depd: 2.0.0
      destroy: 1.2.0
      http-errors: 2.0.0
      iconv-lite: 0.4.24
      on-finished: 2.4.1
      qs: 6.11.0
      raw-body: 2.5.2
      type-is: 1.6.18
      unpipe: 1.0.0
    engines: {node: '>= 0.8', npm: 1.2.8000 || >= 1.4.16}
    dev: false

  /bytes@3.1.2:
    resolution: {integrity: sha512-PV4GbeFJ3I9kABiDJy90mm2tfP322eM4tst2E4JzMLOK/Ez244I4KRFOpE8Gk8CUB2s6+0439VpjpslFCjM4eQ==}
    engines: {node: '>= 0.8'}
    dev: false

  /call-bind@1.0.7:
    resolution: {integrity: sha512-Gf6OTd5oM85FlzECBb/bN6I7d7P2a+iR2dxn5G+w55S0pZdC/GZNMosL7klpAIyJnaPjL5QyNYV0smB+iVjVEQ==}
    dependencies:
      function-bind: 1.1.2
      get-intrinsic: 1.2.4
      set-function-length: 1.2.2
    dev: false

  /combined-stream@1.0.8:
    resolution: {integrity: sha512-FQN4MRfuJeHf7cA3Wi5msPAvRydG+P7r+B6SikSoUfIC5CxvMsdY+s5PZYlG+a9dRol8fUQIhaJv0ZPAhXzaeQ==}
    dependencies:
      delayed-stream: 1.0.0
    engines: {node: '>= 0.8'}
    dev: false

  /content-disposition@0.5.4:
    resolution: {integrity: sha512-FveZTNuGw04cxlAiWbzi6zTAL/lhehaWbTtAV1B4J9n6VHiikBFAJ1uaAEIe9lHBF5AstadNsQ+9IkB4JzoLQw==}
    dependencies:
      safe-buffer: 5.2.1
    engines: {node: '>= 0.6'}
    dev: false

  /content-type@1.0.5:
    resolution: {integrity: sha512-nTjqfcBFEipKdXCv4YDQWCfmcwNMl+M0EC12n2eRcHovW+N2vKdr+EKo+AcluaR493dXK/W7gTgnrs2kadOy5g==}
    engines: {node: '>= 0.6'}
    dev: false

  /cookie-signature@1.0.6:
    resolution: {integrity: sha512-Qh2sigeeoN+2hC/3l323o4wgu1stD9/2Y3tKUFVCv25l2eMFfL8r5V2+m2AUSrFAVEvXSjV2ZbL3l2P4P/oHSg==}
    dev: false

  /cookie@0.6.0:
    resolution: {integrity: sha512-s6J0m+TMOh5W3H2iI8L3Z3zT2n2D2x2s2r2sYh12O2pfq61y5+x1d692s2GfsSaOc2y9+v2Pzbf9gQo22yO/A==}
    engines: {node: '>= 0.6'}
    dev: false

  /csstype@3.1.3:
    resolution: {integrity: sha512-M1uQkMl8r3qOkIPDmfEUnA7ADsAWe9JeFYai24dxd5Lg4i2inTdAnfPVDbshYsynaVHIevNLe2FHMAA23klVwA==}
    dev: false

  /debug@2.6.9:
    resolution: {integrity: sha512-bC7ElrdJaJnPbAP+1E4zd_FAb9alAYsw5abJnEdJroyalJqwT4gpuLMWojwuhxw5vo9bUb15eA8z58xggPAGXw==}
    peerDependencies:
      supports-color: '*'
    peerDependenciesMeta:
      supports-color:
        optional: true
    dependencies:
      ms: 2.0.0
    dev: false

  /delayed-stream@1.0.0:
    resolution: {integrity: sha512-ZySD7Nf91aLB0RxL4KGrKHBXl7GmsDbikA6EXyp4XCA4heLfBE25stbL6ENzp254vS4B-A60cEtJH4tyrkV35w==}
    engines: {node: '>=0.4.0'}
    dev: false

  /depd@2.0.0:
    resolution: {integrity: sha512-g7nH6P6dyDioJogAAGprGpCtVImJhpPk/decscRPYLIJ1OWJTYlu0e8heIuMCky2EOzLfeHap4vpEd10AbBigQ==}
    engines: {node: '>= 0.8'}
    dev: false

  /destroy@1.2.0:
    resolution: {integrity: sha512-2sJGJdCFy22dmdDHEchS4aJf2HSH9wSYdcb/8hPSp9Ea32L3o7zB1B2pgQvASruY2YI2E5tP6E6sN27axbPZvw==}
    engines: {node: '>= 0.8', npm: 1.2.8000 || >= 1.4.16}
    dev: false

  /ee-first@1.1.1:
    resolution: {integrity: sha512-MdekqdkPCyvuIBUJQlt2AB/zBCeWegKVaQXyrpX+x+HR5zK/Oo6D4PX5+lfP03reqnAndrewGIsSjH1vhB+djKVg==}
    dev: false

  /encodeurl@1.0.2:
    resolution: {integrity: sha512-H/L66Cb6C22nUR7c1uL2Y1x2dTo1a0bb4HSdAdB2QrdI/cTTN0fgC+2D/73a21a20L1Y4I/e5b1JB0vNnB2vw==}
    engines: {node: '>= 0.8'}
    dev: false

  /escape-html@1.0.3:
    resolution: {integrity: sha512-e5z23NT9E+x8oHkL3Qx14WxT9lttvfElW1kL3o273M3s9qskeQJgNlpPslS63T5I/SNd3B4OIsrKcwY0W+z2hw==}
    dev: false

  /etag@1.8.1:
    resolution: {integrity: sha512-aIL5Fx7L9psIAn3GjfxCP3Y2eGkL2I3wLNvD1H82I2IJE5G513iLd5wX+seDQEfL4FLn3l4V2y4h+4zY3ZHGug==}
    engines: {node: '>= 0.6'}
    dev: false

  /express@4.19.2:
    resolution: {integrity: sha512-5/Y2YdekL+c_qQL4pgO3K5S2pC2kGQiB1K9n9V7pAOp9I3hQ2dcn2b2C223s22sA6iI2C2YkNa440+4aL2I1A==}
    dependencies:
      accepts: 1.3.8
      array-flatten: 1.1.1
      body-parser: 1.20.2
      content-disposition: 0.5.4
      content-type: 1.0.5
      cookie: 0.6.0
      cookie-signature: 1.0.6
      debug: 2.6.9
      depd: 2.0.0
      encodeurl: 1.0.2
      escape-html: 1.0.3
      etag: 1.8.1
      finalhandler: 1.2.0
      fresh: 0.5.2
      merge-descriptors: 1.0.1
      methods: 1.1.2
      on-finished: 2.4.1
      parseurl: 1.3.3
      path-to-regexp: 0.1.7
      proxy-addr: 2.0.7
      qs: 6.11.0
      range-parser: 1.2.1
      safe-buffer: 5.2.1
      send: 0.18.0
      serve-static: 1.15.0
      setprototypeof: 1.2.0
      statuses: 2.0.1
      type-is: 1.6.18
      utils-merge: 1.0.1
      vary: 1.1.2
    engines: {node: '>= 0.10.0'}
    dev: false

  /finalhandler@1.2.0:
    resolution: {integrity: sha512-5uXcUVftlQjbYK9PJminiX/bA4AN5knrbMT1nHSVUtvE9N9dMXfJ302zreXNyvTMwHRXQdK890ZssseZWB2WRQ==}
    dependencies:
      debug: 2.6.9
      encodeurl: 1.0.2
      escape-html: 1.0.3
      on-finished: 2.4.1
      parseurl: 1.3.3
      statuses: 2.0.1
      unpipe: 1.0.0
    engines: {node: '>= 0.8'}
    dev: false

  /follow-redirects@1.15.6:
    resolution: {integrity: sha512-wS2BB8IIynf2Vd3/wIEphNfIQIwyKAW2tli5jL1k0w/CWlCsNEAtrSJgInVRfRsyIeRreZZt/HiBxp6YlB3U5A==}
    engines: {node: '>=4.0'}
    peerDependencies:
      debug: '*'
    peerDependenciesMeta:
      debug:
        optional: true
    dev: false

  /form-data@4.0.0:
    resolution: {integrity: sha512-ETEbY+lnbFBjfey2G2Wr6gd3gDCBprFmuTf42eikcM3kG8w+fK2RT2Z/2b14mQfCBLoSrHWADnvw71aVEGLIZg==}
    dependencies:
      asynckit: 0.4.0
      combined-stream: 1.0.8
      mime-types: 2.1.35
    engines: {node: '>= 6'}
    dev: false

  /forwarded@0.2.0:
    resolution: {integrity: sha512-buRG0fpBtRHSTCOASe6hD258tEubFoRLb4ZNA6GsdjzS4f8al0gRDnD42gXMjpBoZw55rem2r1gNkw5zwsM3dg==}
    engines: {node: '>= 0.6'}
    dev: false

  /fresh@0.5.2:
    resolution: {integrity: sha512-zMIeYhEzicVePq3L9TJL+QtpPOaV2i9qPSzS2nK2R33vhtBmbGMDdIkT8mIHe/b/f2sLq5jT5sR7ocb2I+4EDA==}
    engines: {node: '>= 0.6'}
    dev: false

  /function-bind@1.1.2:
    resolution: {integrity: sha512-7XHNxkY9sTf31/+lQNBUD6gVMotwA/COs51+CuVo7I//ECG2dYNs+yVFg+doGrIFK4r0oGvBNmuAQnSj5rD/ew==}
    dev: false

  /get-intrinsic@1.2.4:
    resolution: {integrity: sha512-Jm2vRU32J52MM9KvkLMatRuuaS9gIiRaB1pE2P7KOU6AZIaQc6I5T+jw2u7IeD6tOod4+2e9BUBfQxSgT9/8Fg==}
    dependencies:
      function-bind: 1.1.2
      has-proto: 1.0.3
      has-symbols: 1.0.3
      hasown: 2.0.2
    dev: false

  /has-property-descriptors@1.0.2:
    resolution: {integrity: sha512-55U2iOOStVqodpL45v08jIvi4AMnzpY12S2efs2tE9iC5bYgl8Ky+TqJa5TqxY53sAEkL223vr0TfT0iB83xIg==}
    dependencies:
      get-intrinsic: 1.2.4
    dev: false

  /has-proto@1.0.3:
    resolution: {integrity: sha512-SJ1amAUiPLwyBVoPtpZZPq5tG4KzEM6l6CqEFK8iE4wS5CWEo4zsaI8AfYJgP+50SNr4GcrZu9/Ie8mD8t5Ghg==}
    engines: {node: '>= 0.4'}
    dev: false

  /has-symbols@1.0.3:
    resolution: {integrity: sha512-l3LCuF6NfjUGwW3ZaUoC50g8vxpdEecGvrg/5i35Rga7E/sKJlvhwKy3EpcaDFlw4Av8fmvL1SMcrZkI1v50ow==}
    engines: {node: '>= 0.4'}
    dev: false

  /hasown@2.0.2:
    resolution: {integrity: sha512-iUptQD1Dk5DCRgU37kK0aYd4cxT4avZ0OTe6KNFcPPM/T2PjJwAnDzaL9+D/Lw33DcXmY3mk4T9o2V0AFl/F4g==}
    engines: {node: '>= 0.4'}
    dev: false

  /http-errors@2.0.0:
    resolution: {integrity: sha512-RmhB3H/D0fpy82SbbPAzYi7i33dGf8L1E+n65Yk2qDkSj6J47AkssRxxGyVCL8otdzy8Ru2H9O02lcmP8e9NfQ==}
    dependencies:
      depd: 2.0.0
      inherits: 2.0.4
      setprototypeof: 1.2.0
      statuses: 2.0.1
      toidentifier: 1.0.1
    engines: {node: '>= 0.8'}
    dev: false

  /iconv-lite@0.4.24:
    resolution: {integrity: sha512-v3MXnZAcvnywkU1G02aPK8AaeNrqPpfyt928KlKlBdBCNLFPpdzfnycod2rhiR6+AWmHcNbKiaL7MNXBe9r72A==}
    dependencies:
      safer-buffer: 2.1.2
    engines: {node: '>=0.10.0'}
    dev: false

  /inherits@2.0.4:
    resolution: {integrity: sha512-k/vGaX4/Yla3Wb6DbkHi5PZ6eIHyZWvwJgks5gc4AUoafLchmSzE/DrStBIJRNeLF1IOJ6cFQRd4PA9Rx8d2RQ==}
    dev: false

  /ipaddr.js@1.9.1:
    resolution: {integrity: sha512-0KI/607xoxSToH7GjN1FfSbLoU0+btTicjsQSWQveFnmKA4Ye24bujNtZ0/bwLoV3DJpwGl0ZeFluJBNboxssA==}
    engines: {node: '>= 0.10'}
    dev: false

  /js-tokens@4.0.0:
    resolution: {integrity: sha512-RdJUflcE3cUzKiMqQgsCu06FPu9UdIJO0beYbPhHN4k6apgJtifcoCtT9bcxCr3c8Le3oPOAFzAFcAg6zEIFIw==}
    dev: false

  /lodash@4.17.21:
    resolution: {integrity: sha512-v2kDEe57yPiAYSemSp2cQ5sJC/yXbFcKNejhRRoOlavGlAkAnfuBLwWqkBCENheOrUFvZehP+brxgH8loYBFeA==}
    dev: false

  /loose-envify@1.4.0:
    resolution: {integrity: sha512-lyuxPGr/Wfhrlem2CL/UcnUc1zcqKAImBDzukY7Y5F/yQiNdko6+fRLevlw1HgMySw7f611UIY408EtxRSoK3Q==}
    hasBin: true
    dependencies:
      js-tokens: 4.0.0
    dev: false

  /media-typer@0.3.0:
    resolution: {integrity: sha512-dq+qelQ9ak2adAmxmmmSCgI2B1Dr1q0t0t4iHR+9ORPGsCSlUiJgGPTov3u933k2b87e2SoVH7vW3o3lM5+d2Q==}
    engines: {node: '>= 0.6'}
    dev: false

  /merge-descriptors@1.0.1:
    resolution: {integrity: sha512-cCi6g3/Zr1iqQi6ySbseM1Xvooa98N0w31jzUYrXPX2xqObmF8+keSJDPVl4S3mCFzGtP66VvnHAak/LRrmwEw==}
    dev: false

  /methods@1.1.2:
    resolution: {integrity: sha512-iclAHeNqRaZ8Kqf+2+l7eHoDJr<a>LpIvs+4aE5d1B2sAJhPz/kdTz1yP78pYptj/PjC8e1Vj3W/YlhlS+X3g==}
    engines: {node: '>= 0.6'}
    dev: false

  /mime-db@1.52.0:
    resolution: {integrity: sha512-sPU4uV7dYlAPeJxliKz3RTiL+e7gAb1a1uRiL58ZlG1t2llLsdjMpuursEy/12vSQwkcwsu5xky76mdAEWMyg==}
    engines: {node: '>= 0.6'}
    dev: false

  /mime-types@2.1.35:
    resolution: {integrity: sha512-ZDY+bPm5zTTF+YpCrAU9nK0UgICYPT0QtT1NZWFv4s++TNkcgVaT0g6+4V1uStffUdaOht2BIV/kNM/dw+F+Ug==}
    dependencies:
      mime-db: 1.52.0
    engines: {node: '>= 0.6'}
    dev: false

  /mime@1.6.0:
    resolution: {integrity: sha512-x0Vn8spI+wuJ1O6S7gnbaQg8Pxh4NNHb7MuxyITlFPNONq2AEVaZsozy9ngW/CYid+fOTggBxXa41LGjjxBl7w==}
    engines: {node: '>=4'}
    dev: false

  /ms@2.0.0:
    resolution: {integrity: sha512-Tpp60P6IUJDTuOq/5Z8cdskzJyrtritEbNZUZBEBVAocajH0eDkXDUJIqGjKXmt4qsTEAhQDP4uzn5WcEwrqVw==}
    dev: false

  /ms@2.1.3:
    resolution: {integrity: sha512-6FlzubTLZG3J2a/NVCAle/K/7woGe4iMA+gn8/TtllURNBOiDEuWaTvceBeatKA+N/bUDY0ACKYA/ADlH8gjloA==}
    dev: false

  /negotiator@0.6.3:
    resolution: {integrity: sha512-+EUsqGPLsM+j/zdChZjsnX51g4XrHROSGaVaLt/7XBeLA5UW9c79GdKn5Co2eK/qpFatA/k6mEaWHDVEA3N62w==}
    engines: {node: '>= 0.6'}
    dev: false

  /object-inspect@1.13.1:
    resolution: {integrity: sha512-5bEY3dfrAdprgC543207uDftRa0LqVasYldo6quQ0vG3bC+RtoEu9vc15J97a5pjW1bL6kBnPZd70bCjH6PagA==}
    dev: false

  /on-finished@2.4.1:
    resolution: {integrity: sha512-oVNbwr2LPhXKNsEa0c7zDcCab/oTONSRL1g/8bDReJugzFd0K8Ao23R9Mw+wDbb/vMV+x00al20EcRu+xHhVdg==}
    dependencies:
      ee-first: 1.1.1
    engines: {node: '>= 0.8'}
    dev: false

  /parseurl@1.3.3:
    resolution: {integrity: sha512-CjzvcfSQssZZN2B6iFdjxw4B2nFTKi2viJR0g0c4i4T/TEe/T2t02sYn2f7bRodPoK5OU3g0M0nb/k0xPAt8bA==}
    engines: {node: '>= 0.8'}
    dev: false

  /path-to-regexp@0.1.7:
    resolution: {integrity: sha512-2O+6Cd+Jocd24Nen2cn26Y/s/pC17KcUv6x25Y9iZVXf2Cg2LgdBfV3+p/1SMEK31pLA2o3PaT5JbMty/Hecw==}
    dev: false

  /proxy-addr@2.0.7:
    resolution: {integrity: sha512-llQsMLSUDUPT44jdrUa3Lxtz64MvRIq5G4QZZ0c4T3oBFTGqwxytYc43ddBJW9R0zS9o1NPmcr2e/5M/d2XTHw==}
    dependencies:
      forwarded: 0.2.0
      ipaddr.js: 1.9.1
    engines: {node: '>= 0.10'}
    dev: false

  /proxy-from-env@1.1.0:
    resolution: {integrity: sha512-D+HlyXAE5Fr9bFCRw6ae5mS+d6XYu/vAwCkaIbL1P8c5o4L6GPEYn5a9bI2L1I8ER25xDNwaICuYjO/xUCtqPQ==}
    dev: false

  /qs@6.11.0:
    resolution: {integrity: sha512-MvjoMCJwEarSbUYk5P1sym8HCi7alooxFaeI9atOARG4Cjp1d85+s4xRnZvT06WL0w5r/3fAE02Ab2031PeiRQ==}
    dependencies:
      side-channel: 1.0.6
    engines: {node: '>=0.6'}
    funding: {url: 'https://github.com/sponsors/ljharb'}
    dev: false

  /range-parser@1.2.1:
    resolution: {integrity: sha512-Hrgsx+orqoy5B1llxTMb2H+S3g+mN1n3Dkz0zy3+hA/sB4pT3Gk+1Ie0LxFoEYr3fWES1de1x0ZJ3sTnuD+nBw==}
    engines: {node: '>= 0.6'}
    dev: false

  /raw-body@2.5.2:
    resolution: {integrity: sha512-8vxJ6+dDDRKsa2oT/2V07WE4t2aD1EwCIe+aQGvR3Flc3svWn+EbFABsPThbN/pskAbLbgWIj070rh6eDEdJ2Q==}
    dependencies:
      bytes: 3.1.2
      http-errors: 2.0.0
      iconv-lite: 0.4.24
      unpipe: 1.0.0
    engines: {node: '>= 0.8'}
    dev: false

  /react-dom@18.3.1_react@18.3.1:
    resolution: {integrity: sha512-5m4lB43+Vl3cUSLcU9U+iFdaN/1Kdlv5sOAMSt327mAr+YyDmk2OflLam5D3i3eL+KkEYcaIOLUmK7gY2V2t5Q==}
    peerDependencies:
      react: 18.3.1
    dependencies:
      loose-envify: 1.4.0
      react: 18.3.1_@types+react@18.3.3
      scheduler: 0.23.2
    dev: false

  /react@18.3.1_@types+react@18.3.3:
    resolution: {integrity: sha512-wS+hAgJ0G1htOKIBAIXuJGSGiu/og8sTXBLlDCoLPSj2c3A4iVbT/4D1Mjp7sUIbsee0iLegRXC1W53gsW+a3w==}
    peerDependencies:
      '@types/react': ^18.3.3
    dependencies:
      '@types/react': 18.3.3
      loose-envify: 1.4.0
    engines: {node: '>=0.10.0'}
    dev: false

  /safe-buffer@5.2.1:
    resolution: {integrity: sha512-rp3So07KcdmmKbGvgaNxQSJr7bGVSGf+ajByZ4sAD1VoGUbA3ABbFlsfUwAAb2cgYVV3aFV8YIkyTeJF+IGH3Q==}
    funding: [{type: github, url: 'https://github.com/sponsors/feross'}, {type: patreon, url: 'https://www.patreon.com/feross'}, {type: consulting, url: 'https://feross.org/support'}]
    dev: false

  /safer-buffer@2.1.2:
    resolution: {integrity: sha512-YZo3K82SD7Riyi0E1EQPojLz7kpepnSQI9bvyGy8BYul9iTP8vGHolAU-CF-pOMwZ/g8Itlby57GRKnP6OF07g==}
    dev: false

  /scheduler@0.23.2:
    resolution: {integrity: sha512-EnaFSPk9 BogTsmD8B2oFDBkZ5sK2s1S/eunC28W35o26T/tL59fD/DAtyfG5hX/4oNnsWv/kodu6u3aeo4t5gQ==}
    dependencies:
      loose-envify: 1.4.0
    dev: false

  /send@0.18.0:
    resolution: {integrity: sha512-qq9SmFwkiOfD6/S2mMp3Dq2gG2y2DRe1/GvC2yBbUkT6rx2I3B9T2aA0fkGZ3fd3oXpA2F1Y9g040kvg2+mRAg==}
    dependencies:
      debug: 2.6.9
      depd: 2.0.0
      destroy: 1.2.0
      encodeurl: 1.0.2
      escape-html: 1.0.3
      etag: 1.8.1
      fresh: 0.5.2
      http-errors: 2.0.0
      mime: 1.6.0
      ms: 2.1.3
      on-finished: 2.4.1
      range-parser: 1.2.1
      statuses: 2.0.1
    engines: {node: '>= 0.8.0'}
    dev: false

  /serve-static@1.15.0:
    resolution: {integrity: sha512-zLuu3KF0MB36382ysd2uJbrS2M6Q99vffCgzrGf0t22/an2T2sACqybhzk+w+n3g+9K0LUz3vT0f0jS2RMPw4A==}
    dependencies:
      encodeurl: 1.0.2
      escape-html: 1.0.3
      parseurl: 1.3.3
      send: 0.18.0
    engines: {node: '>= 0.8.0'}
    dev: false

  /set-function-length@1.2.2:
    resolution: {integrity: sha512-rgPVObyDwpqUe83C4s4c3dDzzd5CctsbD3K1eX1aC8K3Bb7pU2g/8xTMy2eP3kI3crgM4x5oVf/7s9xJj0e//w==}
    dependencies:
      define-data-property: 1.1.4
      get-intrinsic: 1.2.4
      has-property-descriptors: 1.0.2
      is-callable: 1.2.7
    engines: {node: '>= 0.4'}
    dev: false

  /setprototypeof@1.2.0:
    resolution: {integrity: sha512-xZ4i/PzssUCGnQOOz+eSAW8E3g9S/bLX+BvE63a9kH1hJbdnI3dDDb2XwM25c/eS2XomrR2372g/exP6fV5gQ==}
    dev: false

  /side-channel@1.0.6:
    resolution: {integrity: sha512-f+TqSPQ+4s00En7uvxB22tT7a/PAtu3QyDr4SGrnLHS2o1Y5Kk/g1sQRiYhr0/vWBmy8t0Q7R2aAP+LhJ7a+Jw==}
    dependencies:
      call-bind: 1.0.7
      get-intrinsic: 1.2.4
      object-inspect: 1.13.1
    funding: {url: 'https://github.com/sponsors/ljharb'}
    dev: false

  /statuses@2.0.1:
    resolution: {integrity: sha512-RwNA9Z/7PrK06rYLIzFMlaF+l73iwpzsqqzeRjaH9q02uP6p82bE2tCFStgDJ2XVStjHnC9+k/GxSeoT3+N80w==}
    engines: {node: '>= 0.8'}
    dev: false

  /toidentifier@1.0.1:
    resolution: {integrity: sha512-o5sSPKEkg/DIQNmH43V0/Not/RPixSSSCaf7qselwx7Iil0FaBrrY5g3yEv+mBvRNsdkWvMkCCkYDSJ0IFeA0g==}
    engines: {node: '>=0.6'}
    dev: false

  /type-is@1.6.18:
    resolution: {integrity: sha512-TkRKr9sUTxEH8MdfuCSP7VizJgncII5TfKv0Vn7sODcJBm0JCRElCDjNq3iplE7r0G7M9M9Z+Qj7aStIfR3bMA==}
    dependencies:
      media-typer: 0.3.0
      mime-types: 2.1.35
    engines: {node: '>= 0.6'}
    dev: false

  /unpipe@1.0.0:
    resolution: {integrity: sha512-pjy2bYhSsufwWlKwPc+l3cN7+wuflC Разred5b0HInM3ggr2L8D8eZqxI4ePvUlNniiMoHwuDrcED05B6I8Ue9w==}
    engines: {node: '>= 0.8'}
    dev: false

  /utils-merge@1.0.1:
    resolution: {integrity: sha512-pM+oIzY1JRbz8O2038K2nPAaBae902FAueqyP32aP8fs2Lh0iTj/hAblkeuuby4pStfUv12oGg4DDoD9xO2yVA==}
    engines: {node: '>= 0.4.0'}
    dev: false

  /vary@1.1.2:
    resolution: {integrity: sha512-BNGbWLfd0eUP329xHCKbCgGqb/dHexc0gBvN2H+g0soWn2vTf2e5Fkyhwupg20xpxi5Tsf2fT+I+g4pRTQ0aDA==}
    engines: {node: '>= 0.8'}
    dev: false
